{
  "lockfileVersion": 2,
  "configVersion": 1,
  "workspaces": {
    "": {
      "name": "audia",
      "dependencies": {
        "@number0/iroh": "0.35.0",
        "three": "^0.186.0",
        "uqr": "^0.1.3",
        "ytmusic-api": "^5.3.1",
      },
      "devDependencies": {
        "@types/bun": "latest",
        "@types/three": "^0.186.0",
      },
      "peerDependencies": {
        "typescript": "^7",
      },
    },
  },
  "packages": {
    "@biomejs/biome": ["@biomejs/biome@1.8.3", "", { "optionalDependencies": { "@biomejs/cli-darwin-arm64": "1.8.3", "@biomejs/cli-darwin-x64": "1.8.3", "@biomejs/cli-linux-arm64": "1.8.3", "@biomejs/cli-linux-arm64-musl": "1.8.3", "@biomejs/cli-linux-x64": "1.8.3", "@biomejs/cli-linux-x64-musl": "1.8.3", "@biomejs/cli-win32-arm64": "1.8.3", "@biomejs/cli-win32-x64": "1.8.3" }, "bin": { "biome": "bin/biome" } }, "sha512-/uUV3MV+vyAczO+vKrPdOW0Iaet7UnJMU4bNMinggGJTAnBPjCoLEYcyYtYHNnUNYlv4xZMH6hVIQCAozq8d5w=="],

    "@biomejs/cli-darwin-arm64": ["@biomejs/cli-darwin-arm64@1.8.3", "", { "os": "darwin", "cpu": "arm64" }, "sha512-9DYOjclFpKrH/m1Oz75SSExR8VKvNSSsLnVIqdnKexj6NwmiMlKk94Wa1kZEdv6MCOHGHgyyoV57Cw8WzL5n3A=="],

    "@biomejs/cli-darwin-x64": ["@biomejs/cli-darwin-x64@1.8.3", "", { "os": "darwin", "cpu": "x64" }, "sha512-UeW44L/AtbmOF7KXLCoM+9PSgPo0IDcyEUfIoOXYeANaNXXf9mLUwV1GeF2OWjyic5zj6CnAJ9uzk2LT3v/wAw=="],

    "@biomejs/cli-linux-arm64": ["@biomejs/cli-linux-arm64@1.8.3", "", { "os": "linux", "cpu": "arm64" }, "sha512-fed2ji8s+I/m8upWpTJGanqiJ0rnlHOK3DdxsyVLZQ8ClY6qLuPc9uehCREBifRJLl/iJyQpHIRufLDeotsPtw=="],

    "@biomejs/cli-linux-arm64-musl": ["@biomejs/cli-linux-arm64-musl@1.8.3", "", { "os": "linux", "cpu": "arm64" }, "sha512-9yjUfOFN7wrYsXt/T/gEWfvVxKlnh3yBpnScw98IF+oOeCYb5/b/+K7YNqKROV2i1DlMjg9g/EcN9wvj+NkMuQ=="],

    "@biomejs/cli-linux-x64": ["@biomejs/cli-linux-x64@1.8.3", "", { "os": "linux", "cpu": "x64" }, "sha512-I8G2QmuE1teISyT8ie1HXsjFRz9L1m5n83U1O6m30Kw+kPMPSKjag6QGUn+sXT8V+XWIZxFFBoTDEDZW2KPDDw=="],

    "@biomejs/cli-linux-x64-musl": ["@biomejs/cli-linux-x64-musl@1.8.3", "", { "os": "linux", "cpu": "x64" }, "sha512-UHrGJX7PrKMKzPGoEsooKC9jXJMa28TUSMjcIlbDnIO4EAavCoVmNQaIuUSH0Ls2mpGMwUIf+aZJv657zfWWjA=="],

    "@biomejs/cli-win32-arm64": ["@biomejs/cli-win32-arm64@1.8.3", "", { "os": "win32", "cpu": "arm64" }, "sha512-J+Hu9WvrBevfy06eU1Na0lpc7uR9tibm9maHynLIoAjLZpQU3IW+OKHUtyL8p6/3pT2Ju5t5emReeIS2SAxhkQ=="],

    "@biomejs/cli-win32-x64": ["@biomejs/cli-win32-x64@1.8.3", "", { "os": "win32", "cpu": "x64" }, "sha512-/PJ59vA1pnQeKahemaQf4Nyj7IKUvGQSc3Ze1uIGi+Wvr1xF7rGobSrAAG01T/gUDG21vkDsZYM03NAmPiVkqg=="],

    "@dimforge/rapier3d-compat": ["@dimforge/rapier3d-compat@0.12.0", "", {}, "sha512-uekIGetywIgopfD97oDL5PfeezkFpNhwlzlaEYNOA0N6ghdsOvh/HYjSMek5Q2O1PYvRSDFcqFVJl4r4ZBwOow=="],

    "@number0/iroh": ["@number0/iroh@0.35.0", "", { "optionalDependencies": { "@number0/iroh-android-arm-eabi": "0.35.0", "@number0/iroh-android-arm64": "0.35.0", "@number0/iroh-darwin-arm64": "0.35.0", "@number0/iroh-darwin-universal": "0.35.0", "@number0/iroh-linux-arm-gnueabihf": "0.35.0", "@number0/iroh-linux-arm-musleabihf": "0.35.0", "@number0/iroh-linux-arm64-gnu": "0.35.0", "@number0/iroh-linux-arm64-musl": "0.35.0", "@number0/iroh-linux-x64-gnu": "0.35.0", "@number0/iroh-linux-x64-musl": "0.35.0", "@number0/iroh-win32-arm64-msvc": "0.35.0", "@number0/iroh-win32-x64-msvc": "0.35.0" } }, "sha512-E3BQYZVuolHChbguaEwqcg/LT2q5sh3/poz0Op3A9q/B8j306RDCUCOlBV40IUZYYgsAPUHUW+OAyANUID8t/w=="],

    "@number0/iroh-android-arm-eabi": ["@number0/iroh-android-arm-eabi@0.35.0", "", { "os": "android", "cpu": "arm" }, "sha512-l/G4tZZ7l3h/aIwi6X34YxEl6qneflxkAN0uylsjZFcDqDQYctJMDhJtYJD5GRx8uIVbLvzCNeDpVupx8TCzWQ=="],

    "@number0/iroh-android-arm64": ["@number0/iroh-android-arm64@0.35.0", "", { "os": "android", "cpu": "arm64" }, "sha512-Fc2R7yWnJkPuw1TSbR3Y+mQtLuWzE834nhNVcEUJuBs68w/KQSPmCeUVnpN7gUY2/9QskHUS5M9AfwxiD/yfMg=="],

    "@number0/iroh-darwin-arm64": ["@number0/iroh-darwin-arm64@0.35.0", "", { "os": "darwin", "cpu": "arm64" }, "sha512-O95ZxMIx15Oz5ZHbnAD5pNAcxhgq601otS+oj/OB4j81IJ/bfhB0gVuhqHmJ4n3cJFKD5UydvACzQ+QbnsOsbQ=="],

    "@number0/iroh-darwin-universal": ["@number0/iroh-darwin-universal@0.35.0", "", { "os": "darwin" }, "sha512-yVvTWn9CWyassjxLQ1jbhWRRXkK/WBw6P8VZTmqUUvPmFKvNbneTvurvOQAaZJ1E5yk2YoNseAjQ/zvdH4JQTQ=="],

    "@number0/iroh-linux-arm-gnueabihf": ["@number0/iroh-linux-arm-gnueabihf@0.35.0", "", { "os": "linux", "cpu": "arm" }, "sha512-ThIQj2FL5gtXaC6Bba+uuF8Gm3eLpdDV4KiAcu5/tW2th9RIns5Nv/HekqAcX0OtxgyxDlopmdwNUnURKVGisg=="],

    "@number0/iroh-linux-arm-musleabihf": ["@number0/iroh-linux-arm-musleabihf@0.35.0", "", { "os": "linux", "cpu": "arm" }, "sha512-kkO4YL8IccPDg5shdVPfWmFpyxwnX7Ycca8oBmDljmWjGDd9dhX1Q1uX6edV1/lYM1Tgj1hXFKiZ3kLLhNAELA=="],

    "@number0/iroh-linux-arm64-gnu": ["@number0/iroh-linux-arm64-gnu@0.35.0", "", { "os": "linux", "cpu": "arm64" }, "sha512-wclde7ePsHKZgtxdgzpPChPy+W5tlvEZ4RBrwVO6CaOXOJK2kyGKtc33iFQzMgovsZV0eg8FhK20FSuGbHgMaA=="],

    "@number0/iroh-linux-arm64-musl": ["@number0/iroh-linux-arm64-musl@0.35.0", "", { "os": "linux", "cpu": "arm64" }, "sha512-C2nmuJaNKjRzJftyRuBUTCBbLkrIXIEABq5qSgU1h7ZHBzyyEnfbl6J5xlt2/mBUgLC5lot0lOho15VYJ288TQ=="],

    "@number0/iroh-linux-x64-gnu": ["@number0/iroh-linux-x64-gnu@0.35.0", "", { "os": "linux", "cpu": "x64" }, "sha512-Zo9fOxJttrZR5MPBaZW2zDTokE+U+Xw7QGpwwUZWnb10HsVjvHvZeDjNMAP6SJFkjQcGZA/YtRNVP4muAZESYw=="],

    "@number0/iroh-linux-x64-musl": ["@number0/iroh-linux-x64-musl@0.35.0", "", { "os": "linux", "cpu": "x64" }, "sha512-GsNJgO0ia4PzjUhpLXK2q+2BtI4gVPug1xDrAZkeg44GLLz7/UcXQBcy6II1h01E8YV3931SMb+7guztG4S9jw=="],

    "@number0/iroh-win32-arm64-msvc": ["@number0/iroh-win32-arm64-msvc@0.35.0", "", { "os": "win32", "cpu": "arm64" }, "sha512-79hmSrU61yaBAA/btMv9XGBvHZIjW5WXEeQ2FyMxLlU9HCRW5F1Fo1OvTT6gjQQy13U4j0vR6QE5wV8M068K9g=="],

    "@number0/iroh-win32-x64-msvc": ["@number0/iroh-win32-x64-msvc@0.35.0", "", { "os": "win32", "cpu": "x64" }, "sha512-ymDdwXop1M0u8ehxQeiwOFbU5WodEljk6+Suzy7Xk+qxrYpKUDUij3bwlx9lYKYohtlK8rvhLMkLO3v0BNMoWQ=="],

    "@tweenjs/tween.js": ["@tweenjs/tween.js@23.1.3", "", {}, "sha512-vJmvvwFxYuGnF2axRtPYocag6Clbb5YS7kLL+SO/TeVFzHqDIWrNKYtcsPMibjDx9O+bu+psAy9NKfWklassUA=="],

    "@types/bun": ["@types/bun@1.4.2", "", { "dependencies": { "bun-types": "1.4.2" } }, "sha512-GimotNn7+ZV0uVArItBbriZsR1oNf0+WTzPkdcFrzShI7k2norL0uzEaJT8T33dWr7O/c9ZDuAFQrctKCi72oQ=="],

    "@types/node": ["@types/node@26.6.2", "", { "dependencies": { "undici-types": "~8.9.0" } }, "sha512-X1P21scMv4zGKLYqjdGjaKa7COa0RKVYYZZN/NfvLQ1JegxFhdhpZG/Lyn8AXx6CDUavKAd11v6BvfpkDByK8g=="],

    "@types/stats.js": ["@types/stats.js@0.17.4", "", {}, "sha512-jIBvWWShCvlBqBNIZt0KAshWpvSjhkwkEu4ZUcASoAvhmrgAUI2t1dXrjSL4xXVLB4FznPrIsX3nKXFl/Dt4vA=="],

    "@types/three": ["@types/three@0.186.0", "", { "dependencies": { "@dimforge/rapier3d-compat": "~0.12.0", "@tweenjs/tween.js": "~23.1.3", "@types/stats.js": "*", "@types/webxr": ">=0.5.17", "fflate": "~0.8.3", "meshoptimizer": "~1.1.1" } }, "sha512-mxYSBpDC+D0pLfSP6sW4WZTcT+nrtmZcimMqnVmy36Hte3XpeYSrvgg4TRdaM1GemGog1AWzI5qL2VoIfMXbJQ=="],

    "@types/webxr": ["@types/webxr@0.5.24", "", {}, "sha512-h8fgEd/DpoS9CBrjEQXR+dIDraopAEfu4wYVNY2tEPwk60stPWhvZMf4Foo5FakuQ7HFZoa8WceaWFervK2Ovg=="],

    "@typescript/typescript-aix-ppc64": ["@typescript/typescript-aix-ppc64@7.0.2", "", { "os": "aix", "cpu": "ppc64" }, "sha512-MTKKkWB7p/0E9xi1d1tHtZ5PiLkGEMIq88pK2CubZjOsLtYTLqhgIgi6zepFa+9GHZ6h05NMCkQxGKiPXMxXtQ=="],

    "@typescript/typescript-darwin-arm64": ["@typescript/typescript-darwin-arm64@7.0.2", "", { "os": "darwin", "cpu": "arm64" }, "sha512-gowzar9MwS/aRWp6f3a4KUqzRjAZjOsmGNCM6LcTgXum+dBfgsBVMN+AgvOCCbguXyick6LJhpBszxMebJ8syA=="],

    "@typescript/typescript-darwin-x64": ["@typescript/typescript-darwin-x64@7.0.2", "", { "os": "darwin", "cpu": "x64" }, "sha512-SZ9xZInqApNlNGc9s0W1VSsktYSOe9cFqNOIqmN1Gs8SmkjKZYFt017G4VwPxASInODuAdbTW7sXiFUf893RgA=="],

    "@typescript/typescript-freebsd-arm64": ["@typescript/typescript-freebsd-arm64@7.0.2", "", { "os": "freebsd", "cpu": "arm64" }, "sha512-W5NH4y/J0plIIS5b2xvTEkU7JFxyqdMAOgf+Ilhl0vHQXKO5dZoxd+C/jEtq56c4F3wk71RB4BMRQ2XdI+bwYQ=="],

    "@typescript/typescript-freebsd-x64": ["@typescript/typescript-freebsd-x64@7.0.2", "", { "os": "freebsd", "cpu": "x64" }, "sha512-UMGDx5sTpzNw3WiPebH7l90IWfJggEd+egHt/q6p7/Cm3zqoV7VxkGXt+3DxPIw8CcmvAB0j3sVVfbhX+M4Tpw=="],

    "@typescript/typescript-linux-arm": ["@typescript/typescript-linux-arm@7.0.2", "", { "os": "linux", "cpu": "arm" }, "sha512-gffT3xPz9sR7j/YJExkyPntrI0P2EP9XbOyWzth2/Gs0RstK+90RBcO0ncXoXy/beYll1SXw846Nf2zdnEz0QQ=="],

    "@typescript/typescript-linux-arm64": ["@typescript/typescript-linux-arm64@7.0.2", "", { "os": "linux", "cpu": "arm64" }, "sha512-Qh4eU4/y3yDjnfjjyPYihMj5/ODIlmt+Bzu17OI+fiSRDW57QmU5SiN63exPRNJPKUzcc1INa1NXdrJ+MqHjUQ=="],

    "@typescript/typescript-linux-loong64": ["@typescript/typescript-linux-loong64@7.0.2", "", { "os": "linux", "cpu": "none" }, "sha512-uEHck9i8hoAzXPiYRib1O7miOnz23SxIeVl6F4LXox+qov1K35jHcEW6VHKvZI+pyvl7fZEP4MCU5LYvIq1GuQ=="],

    "@typescript/typescript-linux-mips64el": ["@typescript/typescript-linux-mips64el@7.0.2", "", { "os": "linux", "cpu": "none" }, "sha512-R4KvAMnE43W5Qeqb0Ly56O3mWMWIAgsMyz36DCaycd5nbg/9kzm0liw3JocfRqyJY0KPmzFjbswozXyW0DnIYA=="],

    "@typescript/typescript-linux-ppc64": ["@typescript/typescript-linux-ppc64@7.0.2", "", { "os": "linux", "cpu": "ppc64" }, "sha512-DORx5b3sd/4S7eayxm4FQv+A7CrkUIGRaHiwI8oiHTAI1fAPWhF4J0vAlkC8biAlHSVVwxMQ3tjZ2/DVbnQiiA=="],

    "@typescript/typescript-linux-riscv64": ["@typescript/typescript-linux-riscv64@7.0.2", "", { "os": "linux", "cpu": "none" }, "sha512-wf0jqEDOjrPRnKwYRyyJDRo11KMbvMFrU+q4zqKyChODBzvlkbhNQfKvLxQCcwTpdDaXSHZTVuh0JoCrKCUMHQ=="],

    "@typescript/typescript-linux-s390x": ["@typescript/typescript-linux-s390x@7.0.2", "", { "os": "linux", "cpu": "s390x" }, "sha512-IkwJc3L7yhytWd/ewjyxNDfOmswCm9GWMJT/ue/dU4aZNbwZeYAetq42VyLmsmSjvoX7z74X6ZaYCtzAr0EuGw=="],

    "@typescript/typescript-linux-x64": ["@typescript/typescript-linux-x64@7.0.2", "", { "os": "linux", "cpu": "x64" }, "sha512-EYdf2cNg7rgCWJnxCdJ+F3V39O8ihb37eHAu1LK8oAFizgTQbPOK7zHHXbPt8rX24COqODXeI3sIf0fCXG7H/A=="],

    "@typescript/typescript-netbsd-arm64": ["@typescript/typescript-netbsd-arm64@7.0.2", "", { "os": "none", "cpu": "arm64" }, "sha512-+polYF4MF04aPpO5FTkHran9yUQDSXqy5GiSDKpsll5jy3l3+g9QLhpf39T+ePtefhXLOGrLl0QIjkQP6VnelA=="],

    "@typescript/typescript-netbsd-x64": ["@typescript/typescript-netbsd-x64@7.0.2", "", { "os": "none", "cpu": "x64" }, "sha512-8YIT0EHM/3dq10ZOVF/A7pc/YSMtbcecct4rWtexrnSCHOPcpC2KTLXfTCR6vDpnSiY12heNb1GiN/wu+T/FyA=="],

    "@typescript/typescript-openbsd-arm64": ["@typescript/typescript-openbsd-arm64@7.0.2", "", { "os": "openbsd", "cpu": "arm64" }, "sha512-APT8+ClYnuYm1u9+kgGXoMj2VzWzcymwh2gNSQVySHfkRDGOTVkoWLjCmOQSaO+PoqQ57B0flRp9SA+7GnnkzQ=="],

    "@typescript/typescript-openbsd-x64": ["@typescript/typescript-openbsd-x64@7.0.2", "", { "os": "openbsd", "cpu": "x64" }, "sha512-yX7s+Q0Dln0Dt9tEzZsAjXXR/+ytBM7AlglaqyeMPxQszJ1JhlJdZ6jLA+IzldHtflX81em7lDao1xXu+aRRkg=="],

    "@typescript/typescript-sunos-x64": ["@typescript/typescript-sunos-x64@7.0.2", "", { "os": "sunos", "cpu": "x64" }, "sha512-dLJDGaLZ1D4HPQn62u1n8mBDkJREwMsAkCdkwd4Ieqw+x3TUyTsqY0YiBCtE6H6OzzgGk3iuZ3vFWRS+E8/d1g=="],

    "@typescript/typescript-win32-arm64": ["@typescript/typescript-win32-arm64@7.0.2", "", { "os": "win32", "cpu": "arm64" }, "sha512-Gyl1Vy6OsWesLzmq+EP0Fb7b4Nid5232AvcA2SFcdYreldpNtYFFofPjnt62y9hQy7VTaZp65ICJjuAQRaVcIQ=="],

    "@typescript/typescript-win32-x64": ["@typescript/typescript-win32-x64@7.0.2", "", { "os": "win32", "cpu": "x64" }, "sha512-0BQ3HkAHHlKLSp1qRvf3SUhGpGsDuhB/jgFw75guyqbxJqEaS0Cw/VFO8i2nHglJUzQCRtMMR/IBAKE3ETMC4g=="],

    "agent-base": ["agent-base@6.0.2", "", { "dependencies": { "debug": "4" } }, "sha512-RZNwNclF7+MS/8bDg70amg32dyeZGZxiDuQmZxKLAlQjr3jGyLx+4Kkk58UO7D2QdgFIQCovuSuZESne6RG6XQ=="],

    "asynckit": ["asynckit@0.4.0", "", {}, "sha512-Oei9OH4tRh0YqU3GxhX79dM/mwVgvbZJaSNaRk+bshkj0S5cfHcgYakreBjrHwatXKbz+IoIdYLxrKim2MjW0Q=="],

    "axios": ["axios@1.20.0", "", { "dependencies": { "follow-redirects": "^1.16.0", "form-data": "^4.0.6", "https-proxy-agent": "^5.0.1", "proxy-from-env": "^2.1.0" } }, "sha512-r8aOh8j9cGKpgQAqpzrUHnSIc6a59Y3Xf/cv8sy1DrHCkZHzQGEuoq1tARk6qSyDdtQGSDgpb9kFlruzPvrgwg=="],

    "bun-types": ["bun-types@1.4.2", "", { "dependencies": { "@types/node": "*" } }, "sha512-bxV1FgK7yBIzjRe5zBozIM4Bem11ZJcCXSrjWRG3YWLt8yFDePu4cLjpebO8OvPeIE9trbyPF4fuj3Cia4Fj3w=="],

    "call-bind-apply-helpers": ["call-bind-apply-helpers@1.0.2", "", { "dependencies": { "es-errors": "^1.3.0", "function-bind": "^1.1.2" } }, "sha512-Sp1ablJ0ivDkSzjcaJdxEunN5/XvksFJ2sMBFfq6x0ryhQV/2b/KwFe21cMpmHtPOSij8K99/wSfoEuTObmuMQ=="],

    "combined-stream": ["combined-stream@1.0.8", "", { "dependencies": { "delayed-stream": "~1.0.0" } }, "sha512-FQN4MRfuJeHf7cBbBMJFXhKSDq+2kAArBlmRBvcvFE5BB1HZKXtSFASDhdlz9zOYwxh8lDdnvmMOe/+5cdoEdg=="],

    "debug": ["debug@4.4.3", "", { "dependencies": { "ms": "^2.1.3" }, "peerDependencies": { "supports-color": "*" }, "optionalPeers": ["supports-color"] }, "sha512-RGwwWnwQvkVfavKVt22FGLw+xYSdzARwm0ru6DhTVA3umU5hZc28V3kO4stgYryrTlLpuvgI9GiijltAjNbcqA=="],

    "delayed-stream": ["delayed-stream@1.0.0", "", {}, "sha512-ZySD7Nf91aLB0RxL4KGrKHBXl7Eds1DAmEdcoVawXnLD7SDhpNgtuII2aAkg7a7QS41jxPSZ17p4VdGnMHk3MQ=="],

    "dunder-proto": ["dunder-proto@1.0.1", "", { "dependencies": { "call-bind-apply-helpers": "^1.0.1", "es-errors": "^1.3.0", "gopd": "^1.2.0" } }, "sha512-KIN/nDJBQRcXw0MLVhZE9iQHmG68qAVIBg9CqmUYjmQIhgij9U5MFvrqkUL5FbtyyzZuOeOt0zdeRe4UY7ct+A=="],

    "es-define-property": ["es-define-property@1.0.1", "", {}, "sha512-e3nRfgfUZ4rNGL232gUgX06QNyyez04KdjFrF+LTRoOXmrOgFKDg4BCdsjW8EnT69eqdYGmRpJwiPVYNrCaW3g=="],

    "es-errors": ["es-errors@1.3.0", "", {}, "sha512-Zf5H2Kxt2xjTvbJvP2ZWLEICxA6j+hAmMzIlypy4xcBg1vKVnx89Wy0GbS+kf5cwCVFFzdCFh2XSCFNULS6csw=="],

    "es-object-atoms": ["es-object-atoms@1.1.2", "", { "dependencies": { "es-errors": "^1.3.0" } }, "sha512-HWcBoN6NileqtSydK2FqHbS/LoDd2pqrnQHLyJzBj4kOp/ky2MWMN694xOfkK8/SnUsW2DH7EfyVlydKCsm1Zw=="],

    "es-set-tostringtag": ["es-set-tostringtag@2.1.0", "", { "dependencies": { "es-errors": "^1.3.0", "get-intrinsic": "^1.2.6", "has-tostringtag": "^1.0.2", "hasown": "^2.0.2" } }, "sha512-j6vWzfrGVfyXxge+O0x5sh6cvxAog0a/4Rdd2K36zCMV5eJ+/+tOAngRO8cODMNWbVRdVlmGZQL2YS3yR8bIUA=="],

    "fflate": ["fflate@0.8.3", "", {}, "sha512-tbZNuJrLwGUp3zshBtdy4W+ORxZuIh8a5ilyIEQDC5rY1f3U20JMry0Ll3WBzU58EZKsEuJFXhb5gwv8CsPvgA=="],

    "follow-redirects": ["follow-redirects@1.16.0", "", { "peerDependencies": { "debug": "*" }, "optionalPeers": ["debug"] }, "sha512-y5rN/uOsadFT/JfYwhxRS5R7Qce+g3zG97+JrtFZlC9klX/W5hD7iiLzScI4nZqUS7DNUdhPgw4xI8W2LuXlUw=="],

    "form-data": ["form-data@4.0.6", "", { "dependencies": { "asynckit": "^0.4.0", "combined-stream": "^1.0.8", "es-set-tostringtag": "^2.1.0", "hasown": "^2.0.4", "mime-types": "^2.1.35" } }, "sha512-vKatAh4SlVfgbv+YtmhiRjhEMJsYpsG1Y2rMQtR+SVSbytsSD1YGzDIcrAJmdFec88u/+VoGmxnl+80gL1tRCQ=="],

    "function-bind": ["function-bind@1.1.2", "", {}, "sha512-7XHNxH7qX9xG5mIwxkhumTox/MIRNcOgDrxWsMt2pAr23WHp6MrRlN7FBSFpCpr+oVO0F744iUgR82nJMfG2SA=="],

    "get-intrinsic": ["get-intrinsic@1.3.0", "", { "dependencies": { "call-bind-apply-helpers": "^1.0.2", "es-define-property": "^1.0.1", "es-errors": "^1.3.0", "es-object-atoms": "^1.1.1", "function-bind": "^1.1.2", "get-proto": "^1.0.1", "gopd": "^1.2.0", "has-symbols": "^1.1.0", "hasown": "^2.0.2", "math-intrinsics": "^1.1.0" } }, "sha512-9fSjSaos/fRIVIp+xSJlE6lfwhES7LNtKaCBIamHsjr2na1BiABJPo0mOjjz8GJDURarmCPGqaiVg5mfjb98CQ=="],

    "get-proto": ["get-proto@1.0.1", "", { "dependencies": { "dunder-proto": "^1.0.1", "es-object-atoms": "^1.0.0" } }, "sha512-sTSfBjoXBp89JvIKIefqw7U2CCebsc74kiY6awiGogKtoSGbgjYE/G/+l9sF3MWFPNc9IcoOC4ODfKHfxFmp0g=="],

    "gopd": ["gopd@1.2.0", "", {}, "sha512-ZUKRh6/kUFoAiTAtTYPZJ3hw9wNxx+BIBOijnlG9PnrJsCcSjs1wyyD6vJpaYtgnzDrKYRSqf3OO6Rfa93xsRg=="],

    "has-symbols": ["has-symbols@1.1.0", "", {}, "sha512-1cDNdwJ2Jaohmb3sg4OmKaMBwuC48sYni5HUw2DvsC8LjGTLK9h+eb1X6RyuOHe4hT0ULCW68iomhjUoKUqlPQ=="],

    "has-tostringtag": ["has-tostringtag@1.0.2", "", { "dependencies": { "has-symbols": "^1.0.3" } }, "sha512-NqADB8VjPFLM2V0VvHUewwwsw0ZWBaIdgo+ieHtK3hasLz4qeCRjYcqfB6AQrBggRKppKF8L52/VqdVsO47Dlw=="],

    "hasown": ["hasown@2.0.4", "", { "dependencies": { "function-bind": "^1.1.2" } }, "sha512-T2UbfbBEF32wiepXIsMlTW9+dDYC6wMh/t/vYA4tuOMKqWz/n3vr1NFSxQiyP+zk2mXsoMA/i/7qV6LKut1t1A=="],

    "https-proxy-agent": ["https-proxy-agent@5.0.1", "", { "dependencies": { "agent-base": "6", "debug": "4" } }, "sha512-dFcAjpTQFgoLMzC2VwU+C/CbS7uRL0lWmxDITmqm7C+7F0Odmj6s9l6alZc6AELXhrnggM2CeWSXHGOdX2YtwA=="],

    "math-intrinsics": ["math-intrinsics@1.1.0", "", {}, "sha512-/IXtbwEk5HTPyEwyKX6hGkYXxM9nbj64B+ilVJnC/R6B0pH5G4V3b0pVbL7DBj4tkhBAppbQUlf6F6Xl9LHu1g=="],

    "meshoptimizer": ["meshoptimizer@1.1.1", "", {}, "sha512-oRFNWJRDA/WTrVj7NWvqa5HqE1t9MYDj2VaWirQCzCCrAd2GHrqR/sQezCxiWATPNlKTcRaPRHPJwIRoPBAp5g=="],

    "mime-db": ["mime-db@1.52.0", "", {}, "sha512-sPU4uV7dYlvtWJxwwxHD0PuihVNiE7TyAbQ5SWxDCB9mUYvOgroQOwYQQOKPJ8CIbE+1ETVlOoK1UC2nU3gYvg=="],

    "mime-types": ["mime-types@2.1.35", "", { "dependencies": { "mime-db": "1.52.0" } }, "sha512-ZDY+bPm5zTTF+YpCrAU9nK0UgICYPT0QtT1NZWFv4s++TNkcgVaT0g6+4R2uI4MjQjzysHB1zxuWL50hzaeXiw=="],

    "ms": ["ms@2.1.3", "", {}, "sha512-6FlzubTLZG3J2a/NVCAleEhjzq5oxgHyaCU9yYXvcLsvoVaHJq/s5xXI6/XXP6tz7R9xAOtHnSO/tXtF3WRTlA=="],

    "proxy-from-env": ["proxy-from-env@2.1.0", "", {}, "sha512-cJ+oHTW1VAEa8cJslgmUZrc+sjRKgAKl3Zyse6+PV38hZe/V6Z14TbCuXcan9F9ghlz4QrFr2c92TNF82UkYHA=="],

    "psl": ["psl@1.15.0", "", { "dependencies": { "punycode": "^2.3.1" } }, "sha512-JZd3gMVBAVQkSs6HdNZo9Sdo0LNcQeMNP3CozBJb3JYC/QUYZTnKxP+f8oWRX4rHP5EurWxqAHTSwUCjlNKa1w=="],

    "punycode": ["punycode@2.3.1", "", {}, "sha512-vYt7UD1U9Wg6138shLtLOvdAu+8DsC/ilFtEVHcH+wydcSpNE20AfSOduf6MkRFahL5FY7X1oU7nKVZFtfq8Fg=="],

    "querystringify": ["querystringify@2.2.0", "", {}, "sha512-FIqgj2EUvTa7R50u0rGsyTftzjYmv/a3hO345bZNrqabNqjtgiDMgmo4mkUjd+nzU5oF3dClKqFIPUKybUyqoQ=="],

    "requires-port": ["requires-port@1.0.0", "", {}, "sha512-KigOCHcocU3XODJxsu8i/j8T9tzT4adHiecwORRQ0ZZFcp7ahwXuRU1m+yuO90C5ZUyGeGfocHDI14M3L3yDAQ=="],

    "three": ["three@0.186.0", "", {}, "sha512-cr/fIM2ddMSVbYVgkfD4jLJv7Fh/8ZTjvo+7gQeSVGUZHxpx9FDwoL5iC7hUz/LiRA8wMbqfnb90xKfm1/HHkQ=="],

    "tough-cookie": ["tough-cookie@4.1.4", "", { "dependencies": { "psl": "^1.1.33", "punycode": "^2.1.1", "universalify": "^0.2.0", "url-parse": "^1.5.3" } }, "sha512-Loo5UUvLD9ScZ6jh8beX1T6sO1w2/MpCRpEP7V280GKMVUQ0Jzar2U3UJPsrdbziLEMMhu3Ujnq//rhiFuIeag=="],

    "typescript": ["typescript@7.0.2", "", { "optionalDependencies": { "@typescript/typescript-aix-ppc64": "7.0.2", "@typescript/typescript-darwin-arm64": "7.0.2", "@typescript/typescript-darwin-x64": "7.0.2", "@typescript/typescript-freebsd-arm64": "7.0.2", "@typescript/typescript-freebsd-x64": "7.0.2", "@typescript/typescript-linux-arm": "7.0.2", "@typescript/typescript-linux-arm64": "7.0.2", "@typescript/typescript-linux-loong64": "7.0.2", "@typescript/typescript-linux-mips64el": "7.0.2", "@typescript/typescript-linux-ppc64": "7.0.2", "@typescript/typescript-linux-riscv64": "7.0.2", "@typescript/typescript-linux-s390x": "7.0.2", "@typescript/typescript-linux-x64": "7.0.2", "@typescript/typescript-netbsd-arm64": "7.0.2", "@typescript/typescript-netbsd-x64": "7.0.2", "@typescript/typescript-openbsd-arm64": "7.0.2", "@typescript/typescript-openbsd-x64": "7.0.2", "@typescript/typescript-sunos-x64": "7.0.2", "@typescript/typescript-win32-arm64": "7.0.2", "@typescript/typescript-win32-x64": "7.0.2" }, "bin": { "tsc": "bin/tsc" } }, "sha512-8FYau96o3NKOhbjKi/qNvG/W5jhzxkbdm5sj9AbZ/5T5sWqn3hJgLfGx27sRKZWTvyzCP8dLRBTf5tBTSRVUNA=="],

    "undici-types": ["undici-types@8.9.0", "", {}, "sha512-KTDyRTYX8sWmKXAikPHHSyc63CRPETMctyjKFupcC6OBLXT3xsN0e9aF7m+mIXutFWpUXuedtowG7iLOzp0kQg=="],

    "universalify": ["universalify@0.2.0", "", {}, "sha512-CJ1QgKmNg3CwvAv/kOFmtnEN05f0D/cn9QntgNOQlQF9dgvVTHj3t+8JPdjqawCHk7V/KA+fbUqzZ9XWhcqPUg=="],

    "uqr": ["uqr@0.1.3", "", {}, "sha512-0rjE8iEJe4YmT9TOhwsZtqCMRLc5DXZUI2UEYUUg63ikBkqqE5EYWaI0etFe/5KUcmcYwLih2RND1kq+hrUJXA=="],

    "url-parse": ["url-parse@1.5.10", "", { "dependencies": { "querystringify": "^2.1.1", "requires-port": "^1.0.0" } }, "sha512-WypcfiRhfeUP9vvF0j6rw0J3hrWrw6iZv3+22h6iRMJ/8z1Tj6XfLP4DsUix5MhMPnXpiHDoKyoZ/bdCkwBCiQ=="],

    "ytmusic-api": ["ytmusic-api@5.3.1", "", { "dependencies": { "@biomejs/biome": "1.8.3", "axios": "^1.7.2", "tough-cookie": "^4.1.4", "zod": "^3.23.8" } }, "sha512-a6Ro13k6GP1vj3hoPQti2hGEB8OiNWU/xs5p5J4+gA6I8MhuypJ9JRVq8G5zw/d5ugdzouOzeBta7t6o4jeSww=="],

    "zod": ["zod@3.25.76", "", {}, "sha512-gzUt/qt81nXsFGKIFcC3YnfEAx5NkunCfnDlvuBSSFS02bcXu4Lmea0AFIUwbLWxWPx3d9p8S5QoaujKcNQxcQ=="],
  }
}
